// !$*UTF8*$!
{
	archiveVersion = 1;
	classes = {
	};
	objectVersion = 55;
	objects = {

/* Begin PBXBuildFile section */
		035A49F278F05F641F1098D1 /* libPods-MarvelAPI.a in Frameworks */ = {isa = PBXBuildFile; fileRef = C1526355AC7B97BDD9C28D2C /* libPods-MarvelAPI.a */; };
		184EC2E127494E5100CAB55A /* AppDelegate.m in Sources */ = {isa = PBXBuildFile; fileRef = 184EC2E027494E5100CAB55A /* AppDelegate.m */; };
		184EC2E427494E5100CAB55A /* SceneDelegate.m in Sources */ = {isa = PBXBuildFile; fileRef = 184EC2E327494E5100CAB55A /* SceneDelegate.m */; };
		184EC2E727494E5100CAB55A /* Home.m in Sources */ = {isa = PBXBuildFile; fileRef = 184EC2E627494E5100CAB55A /* Home.m */; };
		184EC2EA27494E5100CAB55A /* Main.storyboard in Resources */ = {isa = PBXBuildFile; fileRef = 184EC2E827494E5100CAB55A /* Main.storyboard */; };
		184EC2EC27494E5200CAB55A /* Assets.xcassets in Resources */ = {isa = PBXBuildFile; fileRef = 184EC2EB27494E5200CAB55A /* Assets.xcassets */; };
		184EC2EF27494E5200CAB55A /* LaunchScreen.storyboard in Resources */ = {isa = PBXBuildFile; fileRef = 184EC2ED27494E5200CAB55A /* LaunchScreen.storyboard */; };
		184EC2F227494E5200CAB55A /* main.m in Sources */ = {isa = PBXBuildFile; fileRef = 184EC2F127494E5200CAB55A /* main.m */; };
		184EC3052749534F00CAB55A /* CharacterCell.m in Sources */ = {isa = PBXBuildFile; fileRef = 184EC3032749534F00CAB55A /* CharacterCell.m */; };
		184EC3062749534F00CAB55A /* CharacterCell.xib in Resources */ = {isa = PBXBuildFile; fileRef = 184EC3042749534F00CAB55A /* CharacterCell.xib */; };
		184EC30F27497AAB00CAB55A /* Character.m in Sources */ = {isa = PBXBuildFile; fileRef = 184EC30E27497AAB00CAB55A /* Character.m */; };
		184EC321274B8BBA00CAB55A /* CharacterDetailVC.m in Sources */ = {isa = PBXBuildFile; fileRef = 184EC320274B8BBA00CAB55A /* CharacterDetailVC.m */; };
		184EC324274BAF7500CAB55A /* Comics.m in Sources */ = {isa = PBXBuildFile; fileRef = 184EC323274BAF7500CAB55A /* Comics.m */; };
		184EC329274BD42A00CAB55A /* ComicsCell.m in Sources */ = {isa = PBXBuildFile; fileRef = 184EC327274BD42A00CAB55A /* ComicsCell.m */; };
		184EC32A274BD42A00CAB55A /* ComicsCell.xib in Resources */ = {isa = PBXBuildFile; fileRef = 184EC328274BD42A00CAB55A /* ComicsCell.xib */; };
/* End PBXBuildFile section */

/* Begin PBXFileReference section */
		184EC2DC27494E5100CAB55A /* MarvelAPI.app */ = {isa = PBXFileReference; explicitFileType = wrapper.application; includeInIndex = 0; path = MarvelAPI.app; sourceTree = BUILT_PRODUCTS_DIR; };
		184EC2DF27494E5100CAB55A /* AppDelegate.h */ = {isa = PBXFileReference; lastKnownFileType = sourcecode.c.h; path = AppDelegate.h; sourceTree = "<group>"; };
		184EC2E027494E5100CAB55A /* AppDelegate.m */ = {isa = PBXFileReference; lastKnownFileType = sourcecode.c.objc; path = AppDelegate.m; sourceTree = "<group>"; };
		184EC2E227494E5100CAB55A /* SceneDelegate.h */ = {isa = PBXFileReference; lastKnownFileType = sourcecode.c.h; path = SceneDelegate.h; sourceTree = "<group>"; };
		184EC2E327494E5100CAB55A /* SceneDelegate.m */ = {isa = PBXFileReference; lastKnownFileType = sourcecode.c.objc; path = SceneDelegate.m; sourceTree = "<group>"; };
		184EC2E527494E5100CAB55A /* Home.h */ = {isa = PBXFileReference; lastKnownFileType = sourcecode.c.h; path = Home.h; sourceTree = "<group>"; };
		184EC2E627494E5100CAB55A /* Home.m */ = {isa = PBXFileReference; lastKnownFileType = sourcecode.c.objc; path = Home.m; sourceTree = "<group>"; };
		184EC2E927494E5100CAB55A /* Base */ = {isa = PBXFileReference; lastKnownFileType = file.storyboard; name = Base; path = Base.lproj/Main.storyboard; sourceTree = "<group>"; };
		184EC2EB27494E5200CAB55A /* Assets.xcassets */ = {isa = PBXFileReference; lastKnownFileType = folder.assetcatalog; path = Assets.xcassets; sourceTree = "<group>"; };
		184EC2EE27494E5200CAB55A /* Base */ = {isa = PBXFileReference; lastKnownFileType = file.storyboard; name = Base; path = Base.lproj/LaunchScreen.storyboard; sourceTree = "<group>"; };
		184EC2F027494E5200CAB55A /* Info.plist */ = {isa = PBXFileReference; lastKnownFileType = text.plist.xml; path = Info.plist; sourceTree = "<group>"; };
		184EC2F127494E5200CAB55A /* main.m */ = {isa = PBXFileReference; lastKnownFileType = sourcecode.c.objc; path = main.m; sourceTree = "<group>"; };
		184EC3022749534F00CAB55A /* CharacterCell.h */ = {isa = PBXFileReference; lastKnownFileType = sourcecode.c.h; path = CharacterCell.h; sourceTree = "<group>"; };
		184EC3032749534F00CAB55A /* CharacterCell.m */ = {isa = PBXFileReference; lastKnownFileType = sourcecode.c.objc; path = CharacterCell.m; sourceTree = "<group>"; };
		184EC3042749534F00CAB55A /* CharacterCell.xib */ = {isa = PBXFileReference; lastKnownFileType = file.xib; path = CharacterCell.xib; sourceTree = "<group>"; };
		184EC30D27497AAB00CAB55A /* Character.h */ = {isa = PBXFileReference; lastKnownFileType = sourcecode.c.h; path = Character.h; sourceTree = "<group>"; };
		184EC30E27497AAB00CAB55A /* Character.m */ = {isa = PBXFileReference; lastKnownFileType = sourcecode.c.objc; path = Character.m; sourceTree = "<group>"; };
		184EC31F274B8BBA00CAB55A /* CharacterDetailVC.h */ = {isa = PBXFileReference; lastKnownFileType = sourcecode.c.h; path = CharacterDetailVC.h; sourceTree = "<group>"; };
		184EC320274B8BBA00CAB55A /* CharacterDetailVC.m */ = {isa = PBXFileReference; lastKnownFileType = sourcecode.c.objc; path = CharacterDetailVC.m; sourceTree = "<group>"; };
		184EC322274BAF7500CAB55A /* Comics.h */ = {isa = PBXFileReference; lastKnownFileType = sourcecode.c.h; path = Comics.h; sourceTree = "<group>"; };
		184EC323274BAF7500CAB55A /* Comics.m */ = {isa = PBXFileReference; lastKnownFileType = sourcecode.c.objc; path = Comics.m; sourceTree = "<group>"; };
		184EC326274BD42A00CAB55A /* ComicsCell.h */ = {isa = PBXFileReference; lastKnownFileType = sourcecode.c.h; path = ComicsCell.h; sourceTree = "<group>"; };
		184EC327274BD42A00CAB55A /* ComicsCell.m */ = {isa = PBXFileReference; lastKnownFileType = sourcecode.c.objc; path = ComicsCell.m; sourceTree = "<group>"; };
		184EC328274BD42A00CAB55A /* ComicsCell.xib */ = {isa = PBXFileReference; lastKnownFileType = file.xib; path = ComicsCell.xib; sourceTree = "<group>"; };
		1DAFDCD6B354F340FCF9C2A6 /* Pods-MarvelAPI.release.xcconfig */ = {isa = PBXFileReference; includeInIndex = 1; lastKnownFileType = text.xcconfig; name = "Pods-MarvelAPI.release.xcconfig"; path = "Target Support Files/Pods-MarvelAPI/Pods-MarvelAPI.release.xcconfig"; sourceTree = "<group>"; };
		78B614B9AF7F8916CDA81F9E /* Pods-MarvelAPI.debug.xcconfig */ = {isa = PBXFileReference; includeInIndex = 1; lastKnownFileType = text.xcconfig; name = "Pods-MarvelAPI.debug.xcconfig"; path = "Target Support Files/Pods-MarvelAPI/Pods-MarvelAPI.debug.xcconfig"; sourceTree = "<group>"; };
		C1526355AC7B97BDD9C28D2C /* libPods-MarvelAPI.a */ = {isa = PBXFileReference; explicitFileType = archive.ar; includeInIndex = 0; path = "libPods-MarvelAPI.a"; sourceTree = BUILT_PRODUCTS_DIR; };
/* End PBXFileReference section */

/* Begin PBXFrameworksBuildPhase section */
		184EC2D927494E5100CAB55A /* Frameworks */ = {
			isa = PBXFrameworksBuildPhase;
			buildActionMask = 2147483647;
			files = (
				035A49F278F05F641F1098D1 /* libPods-MarvelAPI.a in Frameworks */,
			);
			runOnlyForDeploymentPostprocessing = 0;
		};
/* End PBXFrameworksBuildPhase section */

/* Begin PBXGroup section */
		184EC2D327494E5100CAB55A = {
			isa = PBXGroup;
			children = (
				184EC2DE27494E5100CAB55A /* MarvelAPI */,
				184EC2DD27494E5100CAB55A /* Products */,
				EE540BDD424B68F80248E796 /* Pods */,
				EBEFB9FD49A980CCF32BF0EA /* Frameworks */,
			);
			sourceTree = "<group>";
		};
		184EC2DD27494E5100CAB55A /* Products */ = {
			isa = PBXGroup;
			children = (
				184EC2DC27494E5100CAB55A /* MarvelAPI.app */,
			);
			name = Products;
			sourceTree = "<group>";
		};
		184EC2DE27494E5100CAB55A /* MarvelAPI */ = {
			isa = PBXGroup;
			children = (
				184EC3172749890A00CAB55A /* Model */,
				184EC2F927494E7700CAB55A /* View */,
				184EC2FA27494EBA00CAB55A /* View1 */,
				184EC2F827494E6900CAB55A /* Delegate */,
				184EC2EB27494E5200CAB55A /* Assets.xcassets */,
				184EC2F027494E5200CAB55A /* Info.plist */,
				184EC2F127494E5200CAB55A /* main.m */,
			);
			path = MarvelAPI;
			sourceTree = "<group>";
		};
		184EC2F827494E6900CAB55A /* Delegate */ = {
			isa = PBXGroup;
			children = (
				184EC2DF27494E5100CAB55A /* AppDelegate.h */,
				184EC2E027494E5100CAB55A /* AppDelegate.m */,
				184EC2E227494E5100CAB55A /* SceneDelegate.h */,
				184EC2E327494E5100CAB55A /* SceneDelegate.m */,
			);
			path = Delegate;
			sourceTree = "<group>";
		};
		184EC2F927494E7700CAB55A /* View */ = {
			isa = PBXGroup;
			children = (
				184EC2E527494E5100CAB55A /* Home.h */,
				184EC2E627494E5100CAB55A /* Home.m */,
				184EC31F274B8BBA00CAB55A /* CharacterDetailVC.h */,
				184EC320274B8BBA00CAB55A /* CharacterDetailVC.m */,
			);
			path = View;
			sourceTree = "<group>";
		};
		184EC2FA27494EBA00CAB55A /* View1 */ = {
			isa = PBXGroup;
			children = (
				184EC2FB27494EDD00CAB55A /* Storyboard */,
				184EC2FC27494EEC00CAB55A /* GlobalCell */,
			);
			path = View1;
			sourceTree = "<group>";
		};
		184EC2FB27494EDD00CAB55A /* Storyboard */ = {
			isa = PBXGroup;
			children = (
				184EC2E827494E5100CAB55A /* Main.storyboard */,
				184EC2ED27494E5200CAB55A /* LaunchScreen.storyboard */,
			);
			path = Storyboard;
			sourceTree = "<group>";
		};
		184EC2FC27494EEC00CAB55A /* GlobalCell */ = {
			isa = PBXGroup;
			children = (
				184EC3022749534F00CAB55A /* CharacterCell.h */,
				184EC3032749534F00CAB55A /* CharacterCell.m */,
				184EC3042749534F00CAB55A /* CharacterCell.xib */,
				184EC326274BD42A00CAB55A /* ComicsCell.h */,
				184EC327274BD42A00CAB55A /* ComicsCell.m */,
				184EC328274BD42A00CAB55A /* ComicsCell.xib */,
			);
			name = GlobalCell;
			sourceTree = "<group>";
		};
		184EC30C27497A6B00CAB55A /* Character */ = {
			isa = PBXGroup;
			children = (
				184EC30D27497AAB00CAB55A /* Character.h */,
				184EC30E27497AAB00CAB55A /* Character.m */,
			);
			path = Character;
			sourceTree = "<group>";
		};
		184EC3172749890A00CAB55A /* Model */ = {
			isa = PBXGroup;
			children = (
				184EC30C27497A6B00CAB55A /* Character */,
				184EC325274BAF8700CAB55A /* Comics */,
			);
			path = Model;
			sourceTree = "<group>";
		};
		184EC325274BAF8700CAB55A /* Comics */ = {
			isa = PBXGroup;
			children = (
				184EC322274BAF7500CAB55A /* Comics.h */,
				184EC323274BAF7500CAB55A /* Comics.m */,
			);
			path = Comics;
			sourceTree = "<group>";
		};
		EBEFB9FD49A980CCF32BF0EA /* Frameworks */ = {
			isa = PBXGroup;
			children = (
				C1526355AC7B97BDD9C28D2C /* libPods-MarvelAPI.a */,
			);
			name = Frameworks;
			sourceTree = "<group>";
		};
		EE540BDD424B68F80248E796 /* Pods */ = {
			isa = PBXGroup;
			children = (
				78B614B9AF7F8916CDA81F9E /* Pods-MarvelAPI.debug.xcconfig */,
				1DAFDCD6B354F340FCF9C2A6 /* Pods-MarvelAPI.release.xcconfig */,
			);
			path = Pods;
			sourceTree = "<group>";
		};
/* End PBXGroup section */

/* Begin PBXNativeTarget section */
		184EC2DB27494E5100CAB55A /* MarvelAPI */ = {
			isa = PBXNativeTarget;
			buildConfigurationList = 184EC2F527494E5200CAB55A /* Build configuration list for PBXNativeTarget "MarvelAPI" */;
			buildPhases = (
				906FA3A4EF4A9876D79FEB33 /* [CP] Check Pods Manifest.lock */,
				184EC2D827494E5100CAB55A /* Sources */,
				184EC2D927494E5100CAB55A /* Frameworks */,
				184EC2DA27494E5100CAB55A /* Resources */,
			);
			buildRules = (
			);
			dependencies = (
			);
			name = MarvelAPI;
			productName = MarvelAPI;
			productReference = 184EC2DC27494E5100CAB55A /* MarvelAPI.app */;
			productType = "com.apple.product-type.application";
		};
/* End PBXNativeTarget section */

/* Begin PBXProject section */
		184EC2D427494E5100CAB55A /* Project object */ = {
			isa = PBXProject;
			attributes = {
				BuildIndependentTargetsInParallel = 1;
				LastUpgradeCheck = 1300;
				TargetAttributes = {
					184EC2DB27494E5100CAB55A = {
						CreatedOnToolsVersion = 13.0;
					};
				};
			};
			buildConfigurationList = 184EC2D727494E5100CAB55A /* Build configuration list for PBXProject "MarvelAPI" */;
			compatibilityVersion = "Xcode 13.0";
			developmentRegion = en;
			hasScannedForEncodings = 0;
			knownRegions = (
				en,
				Base,
			);
			mainGroup = 184EC2D327494E5100CAB55A;
			productRefGroup = 184EC2DD27494E5100CAB55A /* Products */;
			projectDirPath = "";
			projectRoot = "";
			targets = (
				184EC2DB27494E5100CAB55A /* MarvelAPI */,
			);
		};
/* End PBXProject section */

/* Begin PBXResourcesBuildPhase section */
		184EC2DA27494E5100CAB55A /* Resources */ = {
			isa = PBXResourcesBuildPhase;
			buildActionMask = 2147483647;
			files = (
				184EC2EF27494E5200CAB55A /* LaunchScreen.storyboard in Resources */,
				184EC32A274BD42A00CAB55A /* ComicsCell.xib in Resources */,
				184EC2EC27494E5200CAB55A /* Assets.xcassets in Resources */,
				184EC2EA27494E5100CAB55A /* Main.storyboard in Resources */,
				184EC3062749534F00CAB55A /* CharacterCell.xib in Resources */,
			);
			runOnlyForDeploymentPostprocessing = 0;
		};
/* End PBXResourcesBuildPhase section */

/* Begin PBXShellScriptBuildPhase section */
		906FA3A4EF4A9876D79FEB33 /* [CP] Check Pods Manifest.lock */ = {
			isa = PBXShellScriptBuildPhase;
			buildActionMask = 2147483647;
			files = (
			);
			inputFileListPaths = (
			);
			inputPaths = (
				"${PODS_PODFILE_DIR_PATH}/Podfile.lock",
				"${PODS_ROOT}/Manifest.lock",
			);
			name = "[CP] Check Pods Manifest.lock";
			outputFileListPaths = (
			);
			outputPaths = (
				"$(DERIVED_FILE_DIR)/Pods-MarvelAPI-checkManifestLockResult.txt",
			);
			runOnlyForDeploymentPostprocessing = 0;
			shellPath = /bin/sh;
			shellScript = "diff \"${PODS_PODFILE_DIR_PATH}/Podfile.lock\" \"${PODS_ROOT}/Manifest.lock\" > /dev/null\nif [ $? != 0 ] ; then\n    # print error to STDERR\n    echo \"error: The sandbox is not in sync with the Podfile.lock. Run 'pod install' or update your CocoaPods installation.\" >&2\n    exit 1\nfi\n# This output is used by Xcode 'outputs' to avoid re-running this script phase.\necho \"SUCCESS\" > \"${SCRIPT_OUTPUT_FILE_0}\"\n";
			showEnvVarsInLog = 0;
		};
/* End PBXShellScriptBuildPhase section */

/* Begin PBXSourcesBuildPhase section */
		184EC2D827494E5100CAB55A /* Sources */ = {
			isa = PBXSourcesBuildPhase;
			buildActionMask = 2147483647;
			files = (
				184EC30F27497AAB00CAB55A /* Character.m in Sources */,
				184EC324274BAF7500CAB55A /* Comics.m in Sources */,
				184EC329274BD42A00CAB55A /* ComicsCell.m in Sources */,
				184EC2E727494E5100CAB55A /* Home.m in Sources */,
				184EC321274B8BBA00CAB55A /* CharacterDetailVC.m in Sources */,
				184EC2E127494E5100CAB55A /* AppDelegate.m in Sources */,
				184EC2F227494E5200CAB55A /* main.m in Sources */,
				184EC2E427494E5100CAB55A /* SceneDelegate.m in Sources */,
				184EC3052749534F00CAB55A /* CharacterCell.m in Sources */,
			);
			runOnlyForDeploymentPostprocessing = 0;
		};
/* End PBXSourcesBuildPhase section */

/* Begin PBXVariantGroup section */
		184EC2E827494E5100CAB55A /* Main.storyboard */ = {
			isa = PBXVariantGroup;
			children = (
				184EC2E927494E5100CAB55A /* Base */,
			);
			name = Main.storyboard;
			sourceTree = "<group>";
		};
		184EC2ED27494E5200CAB55A /* LaunchScreen.storyboard */ = {
			isa = PBXVariantGroup;
			children = (
				184EC2EE27494E5200CAB55A /* Base */,
			);
			name = LaunchScreen.storyboard;
			sourceTree = "<group>";
		};
/* End PBXVariantGroup section */

/* Begin XCBuildConfiguration section */
		184EC2F327494E5200CAB55A /* Debug */ = {
			isa = XCBuildConfiguration;
			buildSettings = {
				ALWAYS_SEARCH_USER_PATHS = NO;
				CLANG_ANALYZER_NONNULL = YES;
				CLANG_ANALYZER_NUMBER_OBJECT_CONVERSION = YES_AGGRESSIVE;
				CLANG_CXX_LANGUAGE_STANDARD = "gnu++17";
				CLANG_CXX_LIBRARY = "libc++";
				CLANG_ENABLE_MODULES = YES;
				CLANG_ENABLE_OBJC_ARC = YES;
				CLANG_ENABLE_OBJC_WEAK = YES;
				CLANG_WARN_BLOCK_CAPTURE_AUTORELEASING = YES;
				CLANG_WARN_BOOL_CONVERSION = YES;
				CLANG_WARN_COMMA = YES;
				CLANG_WARN_CONSTANT_CONVERSION = YES;
				CLANG_WARN_DEPRECATED_OBJC_IMPLEMENTATIONS = YES;
				CLANG_WARN_DIRECT_OBJC_ISA_USAGE = YES_ERROR;
				CLANG_WARN_DOCUMENTATION_COMMENTS = YES;
				CLANG_WARN_EMPTY_BODY = YES;
				CLANG_WARN_ENUM_CONVERSION = YES;
				CLANG_WARN_INFINITE_RECURSION = YES;
				CLANG_WARN_INT_CONVERSION = YES;
				CLANG_WARN_NON_LITERAL_NULL_CONVERSION = YES;
				CLANG_WARN_OBJC_IMPLICIT_RETAIN_SELF = YES;
				CLANG_WARN_OBJC_LITERAL_CONVERSION = YES;
				CLANG_WARN_OBJC_ROOT_CLASS = YES_ERROR;
				CLANG_WARN_QUOTED_INCLUDE_IN_FRAMEWORK_HEADER = YES;
				CLANG_WARN_RANGE_LOOP_ANALYSIS = YES;
				CLANG_WARN_STRICT_PROTOTYPES = YES;
				CLANG_WARN_SUSPICIOUS_MOVE = YES;
				CLANG_WARN_UNGUARDED_AVAILABILITY = YES_AGGRESSIVE;
				CLANG_WARN_UNREACHABLE_CODE = YES;
				CLANG_WARN__DUPLICATE_METHOD_MATCH = YES;
				COPY_PHASE_STRIP = NO;
				DEBUG_INFORMATION_FORMAT = dwarf;
				ENABLE_STRICT_OBJC_MSGSEND = YES;
				ENABLE_TESTABILITY = YES;
				GCC_C_LANGUAGE_STANDARD = gnu11;
				GCC_DYNAMIC_NO_PIC = NO;
				GCC_NO_COMMON_BLOCKS = YES;
				GCC_OPTIMIZATION_LEVEL = 0;
				GCC_PREPROCESSOR_DEFINITIONS = (
					"DEBUG=1",
					"$(inherited)",
				);
				GCC_WARN_64_TO_32_BIT_CONVERSION = YES;
				GCC_WARN_ABOUT_RETURN_TYPE = YES_ERROR;
				GCC_WARN_UNDECLARED_SELECTOR = YES;
				GCC_WARN_UNINITIALIZED_AUTOS = YES_AGGRESSIVE;
				GCC_WARN_UNUSED_FUNCTION = YES;
				GCC_WARN_UNUSED_VARIABLE = YES;
				IPHONEOS_DEPLOYMENT_TARGET = 15.0;
				MTL_ENABLE_DEBUG_INFO = INCLUDE_SOURCE;
				MTL_FAST_MATH = YES;
				ONLY_ACTIVE_ARCH = YES;
				SDKROOT = iphoneos;
			};
			name = Debug;
		};
		184EC2F427494E5200CAB55A /* Release */ = {
			isa = XCBuildConfiguration;
			buildSettings = {
				ALWAYS_SEARCH_USER_PATHS = NO;
				CLANG_ANALYZER_NONNULL = YES;
				CLANG_ANALYZER_NUMBER_OBJECT_CONVERSION = YES_AGGRESSIVE;
				CLANG_CXX_LANGUAGE_STANDARD = "gnu++17";
				CLANG_CXX_LIBRARY = "libc++";
				CLANG_ENABLE_MODULES = YES;
				CLANG_ENABLE_OBJC_ARC = YES;
				CLANG_ENABLE_OBJC_WEAK = YES;
				CLANG_WARN_BLOCK_CAPTURE_AUTORELEASING = YES;
				CLANG_WARN_BOOL_CONVERSION = YES;
				CLANG_WARN_COMMA = YES;
				CLANG_WARN_CONSTANT_CONVERSION = YES;
				CLANG_WARN_DEPRECATED_OBJC_IMPLEMENTATIONS = YES;
				CLANG_WARN_DIRECT_OBJC_ISA_USAGE = YES_ERROR;
				CLANG_WARN_DOCUMENTATION_COMMENTS = YES;
				CLANG_WARN_EMPTY_BODY = YES;
				CLANG_WARN_ENUM_CONVERSION = YES;
				CLANG_WARN_INFINITE_RECURSION = YES;
				CLANG_WARN_INT_CONVERSION = YES;
				CLANG_WARN_NON_LITERAL_NULL_CONVERSION = YES;
				CLANG_WARN_OBJC_IMPLICIT_RETAIN_SELF = YES;
				CLANG_WARN_OBJC_LITERAL_CONVERSION = YES;
				CLANG_WARN_OBJC_ROOT_CLASS = YES_ERROR;
				CLANG_WARN_QUOTED_INCLUDE_IN_FRAMEWORK_HEADER = YES;
				CLANG_WARN_RANGE_LOOP_ANALYSIS = YES;
				CLANG_WARN_STRICT_PROTOTYPES = YES;
				CLANG_WARN_SUSPICIOUS_MOVE = YES;
				CLANG_WARN_UNGUARDED_AVAILABILITY = YES_AGGRESSIVE;
				CLANG_WARN_UNREACHABLE_CODE = YES;
				CLANG_WARN__DUPLICATE_METHOD_MATCH = YES;
				COPY_PHASE_STRIP = NO;
				DEBUG_INFORMATION_FORMAT = "dwarf-with-dsym";
				ENABLE_NS_ASSERTIONS = NO;
				ENABLE_STRICT_OBJC_MSGSEND = YES;
				GCC_C_LANGUAGE_STANDARD = gnu11;
				GCC_NO_COMMON_BLOCKS = YES;
				GCC_WARN_64_TO_32_BIT_CONVERSION = YES;
				GCC_WARN_ABOUT_RETURN_TYPE = YES_ERROR;
				GCC_WARN_UNDECLARED_SELECTOR = YES;
				GCC_WARN_UNINITIALIZED_AUTOS = YES_AGGRESSIVE;
				GCC_WARN_UNUSED_FUNCTION = YES;
				GCC_WARN_UNUSED_VARIABLE = YES;
				IPHONEOS_DEPLOYMENT_TARGET = 15.0;
				MTL_ENABLE_DEBUG_INFO = NO;
				MTL_FAST_MATH = YES;
				SDKROOT = iphoneos;
				VALIDATE_PRODUCT = YES;
			};
			name = Release;
		};
		184EC2F627494E5200CAB55A /* Debug */ = {
			isa = XCBuildConfiguration;
			baseConfigurationReference = 78B614B9AF7F8916CDA81F9E /* Pods-MarvelAPI.debug.xcconfig */;
			buildSettings = {
				ASSETCATALOG_COMPILER_APPICON_NAME = AppIcon;
				ASSETCATALOG_COMPILER_GLOBAL_ACCENT_COLOR_NAME = AccentColor;
				CODE_SIGN_STYLE = Automatic;
				CURRENT_PROJECT_VERSION = 1;
				GENERATE_INFOPLIST_FILE = YES;
				INFOPLIST_FILE = MarvelAPI/Info.plist;
				INFOPLIST_KEY_UIApplicationSupportsIndirectInputEvents = YES;
				INFOPLIST_KEY_UILaunchStoryboardName = LaunchScreen;
				INFOPLIST_KEY_UIMainStoryboardFile = Main;
				INFOPLIST_KEY_UISupportedInterfaceOrientations_iPad = "UIInterfaceOrientationPortrait UIInterfaceOrientationPortraitUpsideDown UIInterfaceOrientationLandscapeLeft UIInterfaceOrientationLandscapeRight";
				INFOPLIST_KEY_UISupportedInterfaceOrientations_iPhone = "UIInterfaceOrientationPortrait UIInterfaceOrientationLandscapeLeft UIInterfaceOrientationLandscapeRight";
				LD_RUNPATH_SEARCH_PATHS = (
					"$(inherited)",
					"@executable_path/Frameworks",
				);
				MARKETING_VERSION = 1.0;
				PRODUCT_BUNDLE_IDENTIFIER = com.MarvelAPI.app;
				PRODUCT_NAME = "$(TARGET_NAME)";
				SWIFT_EMIT_LOC_STRINGS = YES;
				TARGETED_DEVICE_FAMILY = "1,2";
			};
			name = Debug;
		};
		184EC2F727494E5200CAB55A /* Release */ = {
			isa = XCBuildConfiguration;
			baseConfigurationReference = 1DAFDCD6B354F340FCF9C2A6 /* Pods-MarvelAPI.release.xcconfig */;
			buildSettings = {
				ASSETCATALOG_COMPILER_APPICON_NAME = AppIcon;
				ASSETCATALOG_COMPILER_GLOBAL_ACCENT_COLOR_NAME = AccentColor;
				CODE_SIGN_STYLE = Automatic;
				CURRENT_PROJECT_VERSION = 1;
				GENERATE_INFOPLIST_FILE = YES;
				INFOPLIST_FILE = MarvelAPI/Info.plist;
				INFOPLIST_KEY_UIApplicationSupportsIndirectInputEvents = YES;
				INFOPLIST_KEY_UILaunchStoryboardName = LaunchScreen;
				INFOPLIST_KEY_UIMainStoryboardFile = Main;
				INFOPLIST_KEY_UISupportedInterfaceOrientations_iPad = "UIInterfaceOrientationPortrait UIInterfaceOrientationPortraitUpsideDown UIInterfaceOrientationLandscapeLeft UIInterfaceOrientationLandscapeRight";
				INFOPLIST_KEY_UISupportedInterfaceOrientations_iPhone = "UIInterfaceOrientationPortrait UIInterfaceOrientationLandscapeLeft UIInterfaceOrientationLandscapeRight";
				LD_RUNPATH_SEARCH_PATHS = (
					"$(inherited)",
					"@executable_path/Frameworks",
				);
				MARKETING_VERSION = 1.0;
				PRODUCT_BUNDLE_IDENTIFIER = com.MarvelAPI.app;
				PRODUCT_NAME = "$(TARGET_NAME)";
				SWIFT_EMIT_LOC_STRINGS = YES;
				TARGETED_DEVICE_FAMILY = "1,2";
			};
			name = Release;
		};
/* End XCBuildConfiguration section */

/* Begin XCConfigurationList section */
		184EC2D727494E5100CAB55A /* Build configuration list for PBXProject "MarvelAPI" */ = {
			isa = XCConfigurationList;
			buildConfigurations = (
				184EC2F327494E5200CAB55A /* Debug */,
				184EC2F427494E5200CAB55A /* Release */,
			);
			defaultConfigurationIsVisible = 0;
			defaultConfigurationName = Release;
		};
		184EC2F527494E5200CAB55A /* Build configuration list for PBXNativeTarget "MarvelAPI" */ = {
			isa = XCConfigurationList;
			buildConfigurations = (
				184EC2F627494E5200CAB55A /* Debug */,
				184EC2F727494E5200CAB55A /* Release */,
			);
			defaultConfigurationIsVisible = 0;
			defaultConfigurationName = Release;
		};
/* End XCConfigurationList section */
	};
	rootObject = 184EC2D427494E5100CAB55A /* Project object */;
}
